{
  "version": 4,
  "terraform_version": "1.8.5",
  "serial": 16,
  "lineage": "e9e0b986-be25-ad47-5325-dbce32152089",
  "outputs": {
    "private-key": {
      "value": "-----BEGIN RSA PRIVATE KEY-----\nMIIJKAIBAAKCAgEA0Vp6jS3TvL/aO6/T/DEQ2f51++lBCX7ywxKQj1pSbD595aa6\nvRScWGfNgxX3n2gxncagQfewupAX9/xx0GYpIHQkNQXjM5N0UTZpLBF1aWKUTl7m\nyTruFRK4tapio75Rq1K3NHsg5D+Z3sr3r9EMyNgFvGrKjt/1gaOgRATwDMDi5im2\n3VCnzeZfTevjKCz+mat2OuE2IJZ2r67m3wjUMJDwxtRDMLW4zC+HKCgxZ/OeqR4D\nW/VNO/vVlA631veX0IDD5bfby+af1i2zkApZWGMgNUcR4rjv/pQhmsZuCBuiU8UP\nO8Q9WiMP3e+1mpzYBSrVkgU42qhKikHYxeELJWTHCy8a/b2RctCofyJwWSt1WGRJ\n/e0sSx8FzuR+Hd97KA5rNnaeI/9lyKXm5KSVk5nEAdAATW51CsF5api+jneQTDuh\niq159bpr0KJRFstCq2doPfAxdpVPDxQhvIleMJaQKOBpdqCsZw7I2SxG59RNIlD+\ncKqzcHBPUxNPQg6C6SppJ7x/+nKKDSRl1S7zzqnIgGPTQUFVli0qwPBEqG8k71Wc\nPl23Zl71S/84UY9fQwQXNDkYjacFBZxXTIWMMBGpZ0b8uwwTSKQpmJJvos56X33d\nKm07q1f5AHDP/pEstUfa+67snsMn6AhHOm0HtuzJRd4HEsSdrez/y5KZvskCAwEA\nAQKCAgBLCLO93/vwvY55MAa5b9iLWUFuPWa7AY3+zquTRZsfArLa2Yw6cqWqpeGp\npvjuYEjQNL2Bh0YHR9ffYNJmEAeTgyzq+CY7eREKfobpbYR4dgWTpT3wR7fHQ8OC\nEQRzjaX10pqpK6xZQlZi3LozgKilX4+GvXvGA40Znsy1NFPZLlTki3ToE51hFb14\nzx/GaYIDD8o7RjbBLUxyoSxMKfzrPzec+7ztO2R1gl9dzDIRAOcP1Br+HYhGBHfD\nLhdD68+0wkH0FpanmQwWlqCx8pOdM0H69nL5oLEbvHni4FXVgBoJDirsj+QxZzmr\noNulA6wFBhov0MFU1VaKARmxqnv0kBj6Sa1EL22f1AcgEMpI9KzBZUYBzLLRxqi8\nJIoz3b1zjMa/qpzb59f9TAuRfdrUdFsV39stzM1VtpPCdQGj73/JhnBNwJ0MkoIb\nYDepcp0r9Ki8YRiqNLs4rbNDcCPVnGu5PMoz5MVi8X6XKgVsoY7F+4THV9b70fwC\nP1c/BlHnBFKL8NNOffY9mRlqH1ZYz5Ng2yuT8N8upkRhJf6g95WlNHKbD5cQd4x4\npG8+KemnrwfZ+Ow5/m9FLzj4VnAL7HdOkelfMk2Nhd90XL2NOuPQxrQmFsXsuO13\neGiYw4ajdA8FKPVut/ER/aLiMm5UPOFjgNjJ0p8RKSqdTIW6xQKCAQEA6mKkPZvh\nhBV+lUTsZmFsioduaXuMPDZypTKadiGSpZCmwyXYVUW56zsh+yXWN0cFrSiJb5Nw\nK92O7urkY8RjOTTlEdzFOkMZT5zK4oHEUGYOBeZ6hzAn33fiDLB4eKerGMQSIRPp\nnjf6tUmiyo4ZXvlBfHNNjHMGSJD07ZrOowxXdbCJCSU4MT9WBZdrFJq8BJ+ZJ8O7\nzZv2BZWLkczdGX6d1q1LQ/z6hsKkfMoiameW7WiaUX74AHJKAoIm1DJALIphSgc4\nDD7DGyBGaGIJwOshA1M9/9YWyZ6C0d6tB4S7xCkqeIYzJMWrxobIKpA1+qEto64N\n+wcXR1EIvaf36wKCAQEA5KjiriW1pi3fcOb0ypJSceTE6bDoZHSaeo+BDpc31zxO\nw9yuQPIoLW5Unv7xv3Jt+mNnmqrcJg6y+1s8CGaAuICDSlBnUZgK+HDnAubmVv+M\nwx6CHib4Wv672MOMuP9DIFZJ0C3GIUuLlizX+Gl9SOv/JbV4JKra8kmKuB+wtT+P\nRehi2ggIuSXh564yCB7DWM/r4eQLi4QCVhZdWjK1LNaUhZ3KzkkxoLaSAeGbIJD9\nKB05IGQYNcpU0hRHBEDxQHMu0r+5sVGK77lxEic1ze6tR8BlyRDWXThRoo9va7Dx\nzSspQ3NGA5duyVgU/vGKTj50Yon9gK1QjhQXn1KLGwKCAQBCZittIKnkh0pS8zGd\nV2AuZmuLCmsR68LSteE4Mg6fRLlZc3EzxwsCbsATrAZhpocfJOq6ZyRR6PRDDtwg\nv1P0st1qEAb3mGalPR/kxypcNG0oksCHZ8cD8axiN+QJGkbIP1N7d26pWeZ2USQD\nCfp6A1bf8LI5ZaSUDiy02zRK0IY+WwKXSqn+mZi/AMRfE+7LyILU1whvGQ27S0A8\nz7KbNFl2paU634IBh0ad642QY0RIgWemSrfrOHVq/IAPgSTY+WLSW/Uu0uDm4F/R\n1mQ4+ONjU8OupHHUMEmTNugBx0KCMb9MYYg/lJgzJ5+xHyWLmPma8wYW5U1c8MHv\nKJR9AoIBAHp0O1kZ1srU/DlBZkzpyX83DYE8/Wd2zpfeLDY9I2l/4Yqgry0Wwg96\na5TuYVaumFkkTQKWh+lVq+JSfLbe9gZYxHbS0lHvA8kC5aQ3NZnXp3GC8Bnnss9A\nZibyqnUUNsWlkEgNi3KfO3TENTDShYa849o08c9pNHHWkpSCXCbkj/zXM8Eh1lIZ\nCH8DWcXhe6ofR2qkrs4bdwjVV08Lot0NWWKpG0gYCJzRySV6xZHOM9T8uXAwSorb\n/Uq4E0Qi51Alnyi8Bl0Al1BEVlprZzQOovuu/JOOEc7Ab2+IMxpQG15Nw/5cSF16\nBpmLM0tI3VGDvt5amckEiARenDv1f4sCggEBANOpsx0DRjl3w4Nw7ep2SiFj1Xnk\nQn/BFpIxnuRljnloIkl8rE7mrszyINSYHtNBnRr4yIPmjQjNhHZ3guuGbCkF2eUT\nFZC+o+BiEpy3ceY4aefEzSAjWoc3KNILOMITX5c8kw4If7PTSV28HSmT6SB6aI77\nTnaXGo7LjSWeK58X55fuI/F4w6Z/cXfXKBetJ+kk5+FN0tkurT3vr/y6bp3INX+M\nSbKT39XIlkWAUY9+jot6DMmN/aDx1+aCfFpDpj3gmhR5Wau2zfZoH7tHB5G98M38\nonPHzXT/3rt1P41vkqiWnUkHV+7BaYGAFjE1JUin2hg6NgiNMYZAxsOuN2Q=\n-----END RSA PRIVATE KEY-----\n",
      "type": "string",
      "sensitive": true
    },
    "public-ip": {
      "value": "54.226.24.3",
      "type": "string"
    },
    "rds_endpoint": {
      "value": "terraform-20240619132447541500000002.cz8vhnitws92.us-east-1.rds.amazonaws.com:5432",
      "type": "string"
    }
  },
  "resources": [
    {
      "module": "module.ec2",
      "mode": "data",
      "type": "aws_ami",
      "name": "amazon_linux_2",
      "provider": "provider[\"registry.terraform.io/hashicorp/aws\"]",
      "instances": [
        {
          "schema_version": 0,
          "attributes": {
            "architecture": "x86_64",
            "arn": "arn:aws:ec2:us-east-1::image/ami-0b3aef6bc281a13b2",
            "block_device_mappings": [
              {
                "device_name": "/dev/xvda",
                "ebs": {
                  "delete_on_termination": "true",
                  "encrypted": "false",
                  "iops": "0",
                  "snapshot_id": "snap-06b4e200cf242086f",
                  "throughput": "0",
                  "volume_size": "8",
                  "volume_type": "gp2"
                },
                "no_device": "",
                "virtual_name": ""
              }
            ],
            "boot_mode": "",
            "creation_date": "2024-06-11T01:12:07.000Z",
            "deprecation_time": "2025-07-01T00:00:00.000Z",
            "description": "Amazon Linux 2 AMI 2.0.20240610.1 x86_64 HVM gp2",
            "ena_support": true,
            "executable_users": null,
            "filter": [
              {
                "name": "name",
                "values": [
                  "amzn2-ami-hvm-*-x86_64-gp2"
                ]
              },
              {
                "name": "virtualization-type",
                "values": [
                  "hvm"
                ]
              }
            ],
            "hypervisor": "xen",
            "id": "ami-0b3aef6bc281a13b2",
            "image_id": "ami-0b3aef6bc281a13b2",
            "image_location": "amazon/amzn2-ami-hvm-2.0.20240610.1-x86_64-gp2",
            "image_owner_alias": "amazon",
            "image_type": "machine",
            "imds_support": "",
            "include_deprecated": false,
            "kernel_id": "",
            "most_recent": true,
            "name": "amzn2-ami-hvm-2.0.20240610.1-x86_64-gp2",
            "name_regex": null,
            "owner_id": "137112412989",
            "owners": [
              "amazon"
            ],
            "platform": "",
            "platform_details": "Linux/UNIX",
            "product_codes": [],
            "public": true,
            "ramdisk_id": "",
            "root_device_name": "/dev/xvda",
            "root_device_type": "ebs",
            "root_snapshot_id": "snap-06b4e200cf242086f",
            "sriov_net_support": "simple",
            "state": "available",
            "state_reason": {
              "code": "UNSET",
              "message": "UNSET"
            },
            "tags": {},
            "timeouts": null,
            "tpm_support": "",
            "usage_operation": "RunInstances",
            "virtualization_type": "hvm"
          },
          "sensitive_attributes": []
        }
      ]
    },
    {
      "module": "module.ec2",
      "mode": "managed",
      "type": "aws_instance",
      "name": "web",
      "provider": "provider[\"registry.terraform.io/hashicorp/aws\"]",
      "instances": [
        {
          "schema_version": 1,
          "attributes": {
            "ami": "ami-0b3aef6bc281a13b2",
            "arn": "arn:aws:ec2:us-east-1:965244704449:instance/i-002879b8adaf089f1",
            "associate_public_ip_address": true,
            "availability_zone": "us-east-1a",
            "capacity_reservation_specification": [
              {
                "capacity_reservation_preference": "open",
                "capacity_reservation_target": []
              }
            ],
            "cpu_core_count": 1,
            "cpu_options": [
              {
                "amd_sev_snp": "",
                "core_count": 1,
                "threads_per_core": 2
              }
            ],
            "cpu_threads_per_core": 2,
            "credit_specification": [
              {
                "cpu_credits": "unlimited"
              }
            ],
            "disable_api_stop": false,
            "disable_api_termination": false,
            "ebs_block_device": [],
            "ebs_optimized": false,
            "enclave_options": [
              {
                "enabled": false
              }
            ],
            "ephemeral_block_device": [],
            "get_password_data": false,
            "hibernation": false,
            "host_id": "",
            "host_resource_group_arn": null,
            "iam_instance_profile": "",
            "id": "i-002879b8adaf089f1",
            "instance_initiated_shutdown_behavior": "stop",
            "instance_lifecycle": "",
            "instance_market_options": [],
            "instance_state": "running",
            "instance_type": "t3.micro",
            "ipv6_address_count": 0,
            "ipv6_addresses": [],
            "key_name": "{var.resoursename}-key",
            "launch_template": [],
            "maintenance_options": [
              {
                "auto_recovery": "default"
              }
            ],
            "metadata_options": [
              {
                "http_endpoint": "enabled",
                "http_protocol_ipv6": "disabled",
                "http_put_response_hop_limit": 1,
                "http_tokens": "optional",
                "instance_metadata_tags": "disabled"
              }
            ],
            "monitoring": false,
            "network_interface": [],
            "outpost_arn": "",
            "password_data": "",
            "placement_group": "",
            "placement_partition_number": 0,
            "primary_network_interface_id": "eni-09b1285fed368b1dc",
            "private_dns": "ip-10-0-1-214.ec2.internal",
            "private_dns_name_options": [
              {
                "enable_resource_name_dns_a_record": false,
                "enable_resource_name_dns_aaaa_record": false,
                "hostname_type": "ip-name"
              }
            ],
            "private_ip": "10.0.1.214",
            "public_dns": "",
            "public_ip": "54.226.24.3",
            "root_block_device": [
              {
                "delete_on_termination": true,
                "device_name": "/dev/xvda",
                "encrypted": true,
                "iops": 100,
                "kms_key_id": "arn:aws:kms:us-east-1:965244704449:key/841f15c3-ac9e-4693-bbc9-adc3e1d56f5f",
                "tags": null,
                "tags_all": {},
                "throughput": 0,
                "volume_id": "vol-002ebb8fd6983cc5e",
                "volume_size": 15,
                "volume_type": "gp2"
              }
            ],
            "secondary_private_ips": [],
            "security_groups": [],
            "source_dest_check": true,
            "spot_instance_request_id": "",
            "subnet_id": "subnet-041556166ce3e7a26",
            "tags": {
              "Name": "webproject-server"
            },
            "tags_all": {
              "Name": "webproject-server"
            },
            "tenancy": "default",
            "timeouts": null,
            "user_data": "85da362bb7ef26e229057f2d8d0541c7f8e52994",
            "user_data_base64": null,
            "user_data_replace_on_change": false,
            "volume_tags": null,
            "vpc_security_group_ids": [
              "sg-0fd763f14ec57c602"
            ]
          },
          "sensitive_attributes": [],
          "private": "eyJlMmJmYjczMC1lY2FhLTExZTYtOGY4OC0zNDM2M2JjN2M0YzAiOnsiY3JlYXRlIjo2MDAwMDAwMDAwMDAsImRlbGV0ZSI6MTIwMDAwMDAwMDAwMCwicmVhZCI6OTAwMDAwMDAwMDAwLCJ1cGRhdGUiOjYwMDAwMDAwMDAwMH0sInNjaGVtYV92ZXJzaW9uIjoiMSJ9",
          "dependencies": [
            "module.ec2.aws_key_pair.generated_key",
            "module.ec2.data.aws_ami.amazon_linux_2",
            "module.ec2.tls_private_key.example",
            "module.rdb.aws_db_instance.mydb",
            "module.security-group.aws_security_group.rds_sg",
            "module.security-group.aws_security_group.sg",
            "module.vpc.aws_db_subnet_group.subnet_group",
            "module.vpc.aws_subnet.private",
            "module.vpc.aws_subnet.public",
            "module.vpc.aws_vpc.vpc"
          ]
        }
      ]
    },
    {
      "module": "module.ec2",
      "mode": "managed",
      "type": "aws_key_pair",
      "name": "generated_key",
      "provider": "provider[\"registry.terraform.io/hashicorp/aws\"]",
      "instances": [
        {
          "schema_version": 1,
          "attributes": {
            "arn": "arn:aws:ec2:us-east-1:965244704449:key-pair/{var.resoursename}-key",
            "fingerprint": "af:0a:98:85:b0:8c:00:32:a9:2d:d9:d9:7c:0a:c8:8b",
            "id": "{var.resoursename}-key",
            "key_name": "{var.resoursename}-key",
            "key_name_prefix": "",
            "key_pair_id": "key-09d38995f57696095",
            "key_type": "rsa",
            "public_key": "ssh-rsa AAAAB3NzaC1yc2EAAAADAQABAAACAQDRWnqNLdO8v9o7r9P8MRDZ/nX76UEJfvLDEpCPWlJsPn3lprq9FJxYZ82DFfefaDGdxqBB97C6kBf3/HHQZikgdCQ1BeMzk3RRNmksEXVpYpROXubJOu4VEri1qmKjvlGrUrc0eyDkP5neyvev0QzI2AW8asqO3/WBo6BEBPAMwOLmKbbdUKfN5l9N6+MoLP6Zq3Y64TYglnavrubfCNQwkPDG1EMwtbjML4coKDFn856pHgNb9U07+9WUDrfW95fQgMPlt9vL5p/WLbOQCllYYyA1RxHiuO/+lCGaxm4IG6JTxQ87xD1aIw/d77WanNgFKtWSBTjaqEqKQdjF4QslZMcLLxr9vZFy0Kh/InBZK3VYZEn97SxLHwXO5H4d33soDms2dp4j/2XIpebkpJWTmcQB0ABNbnUKwXlqmL6Od5BMO6GKrXn1umvQolEWy0KrZ2g98DF2lU8PFCG8iV4wlpAo4Gl2oKxnDsjZLEbn1E0iUP5wqrNwcE9TE09CDoLpKmknvH/6cooNJGXVLvPOqciAY9NBQVWWLSrA8ESobyTvVZw+XbdmXvVL/zhRj19DBBc0ORiNpwUFnFdMhYwwEalnRvy7DBNIpCmYkm+iznpffd0qbTurV/kAcM/+kSy1R9r7ruyewyfoCEc6bQe27MlF3gcSxJ2t7P/Lkpm+yQ==",
            "tags": null,
            "tags_all": {}
          },
          "sensitive_attributes": [],
          "private": "eyJzY2hlbWFfdmVyc2lvbiI6IjEifQ==",
          "dependencies": [
            "module.ec2.tls_private_key.example",
            "module.rdb.aws_db_instance.mydb",
            "module.security-group.aws_security_group.rds_sg",
            "module.vpc.aws_db_subnet_group.subnet_group",
            "module.vpc.aws_subnet.private",
            "module.vpc.aws_subnet.public",
            "module.vpc.aws_vpc.vpc"
          ]
        }
      ]
    },
    {
      "module": "module.ec2",
      "mode": "managed",
      "type": "tls_private_key",
      "name": "example",
      "provider": "provider[\"registry.terraform.io/hashicorp/tls\"]",
      "instances": [
        {
          "schema_version": 1,
          "attributes": {
            "algorithm": "RSA",
            "ecdsa_curve": "P224",
            "id": "f27ef5d275aee1ed7e2f9705757d0eeda2c79c8e",
            "private_key_openssh": "-----BEGIN OPENSSH PRIVATE KEY-----\nb3BlbnNzaC1rZXktdjEAAAAABG5vbmUAAAAEbm9uZQAAAAAAAAABAAACFwAAAAdz\nc2gtcnNhAAAAAwEAAQAAAgEA0Vp6jS3TvL/aO6/T/DEQ2f51++lBCX7ywxKQj1pS\nbD595aa6vRScWGfNgxX3n2gxncagQfewupAX9/xx0GYpIHQkNQXjM5N0UTZpLBF1\naWKUTl7myTruFRK4tapio75Rq1K3NHsg5D+Z3sr3r9EMyNgFvGrKjt/1gaOgRATw\nDMDi5im23VCnzeZfTevjKCz+mat2OuE2IJZ2r67m3wjUMJDwxtRDMLW4zC+HKCgx\nZ/OeqR4DW/VNO/vVlA631veX0IDD5bfby+af1i2zkApZWGMgNUcR4rjv/pQhmsZu\nCBuiU8UPO8Q9WiMP3e+1mpzYBSrVkgU42qhKikHYxeELJWTHCy8a/b2RctCofyJw\nWSt1WGRJ/e0sSx8FzuR+Hd97KA5rNnaeI/9lyKXm5KSVk5nEAdAATW51CsF5api+\njneQTDuhiq159bpr0KJRFstCq2doPfAxdpVPDxQhvIleMJaQKOBpdqCsZw7I2SxG\n59RNIlD+cKqzcHBPUxNPQg6C6SppJ7x/+nKKDSRl1S7zzqnIgGPTQUFVli0qwPBE\nqG8k71WcPl23Zl71S/84UY9fQwQXNDkYjacFBZxXTIWMMBGpZ0b8uwwTSKQpmJJv\nos56X33dKm07q1f5AHDP/pEstUfa+67snsMn6AhHOm0HtuzJRd4HEsSdrez/y5KZ\nvskAAAc41sfUdtbH1HYAAAAHc3NoLXJzYQAAAgEA0Vp6jS3TvL/aO6/T/DEQ2f51\n++lBCX7ywxKQj1pSbD595aa6vRScWGfNgxX3n2gxncagQfewupAX9/xx0GYpIHQk\nNQXjM5N0UTZpLBF1aWKUTl7myTruFRK4tapio75Rq1K3NHsg5D+Z3sr3r9EMyNgF\nvGrKjt/1gaOgRATwDMDi5im23VCnzeZfTevjKCz+mat2OuE2IJZ2r67m3wjUMJDw\nxtRDMLW4zC+HKCgxZ/OeqR4DW/VNO/vVlA631veX0IDD5bfby+af1i2zkApZWGMg\nNUcR4rjv/pQhmsZuCBuiU8UPO8Q9WiMP3e+1mpzYBSrVkgU42qhKikHYxeELJWTH\nCy8a/b2RctCofyJwWSt1WGRJ/e0sSx8FzuR+Hd97KA5rNnaeI/9lyKXm5KSVk5nE\nAdAATW51CsF5api+jneQTDuhiq159bpr0KJRFstCq2doPfAxdpVPDxQhvIleMJaQ\nKOBpdqCsZw7I2SxG59RNIlD+cKqzcHBPUxNPQg6C6SppJ7x/+nKKDSRl1S7zzqnI\ngGPTQUFVli0qwPBEqG8k71WcPl23Zl71S/84UY9fQwQXNDkYjacFBZxXTIWMMBGp\nZ0b8uwwTSKQpmJJvos56X33dKm07q1f5AHDP/pEstUfa+67snsMn6AhHOm0HtuzJ\nRd4HEsSdrez/y5KZvskAAAADAQABAAACAEsIs73f+/C9jnkwBrlv2ItZQW49ZrsB\njf7Oq5NFmx8CstrZjDpypaql4amm+O5gSNA0vYGHRgdH199g0mYQB5ODLOr4Jjt5\nEQp+hulthHh2BZOlPfBHt8dDw4IRBHONpfXSmqkrrFlCVmLcujOAqKVfj4a9e8YD\njRmezLU0U9kuVOSLdOgTnWEVvXjPH8ZpggMPyjtGNsEtTHKhLEwp/Os/N5z7vO07\nZHWCX13MMhEA5w/UGv4diEYEd8MuF0Prz7TCQfQWlqeZDBaWoLHyk50zQfr2cvmg\nsRu8eeLgVdWAGgkOKuyP5DFnOaug26UDrAUGGi/QwVTVVooBGbGqe/SQGPpJrUQv\nbZ/UByAQykj0rMFlRgHMstHGqLwkijPdvXOMxr+qnNvn1/1MC5F92tR0WxXf2y3M\nzVW2k8J1AaPvf8mGcE3AnQySghtgN6lynSv0qLxhGKo0uzits0NwI9Wca7k8yjPk\nxWLxfpcqBWyhjsX7hMdX1vvR/AI/Vz8GUecEUovw00599j2ZGWofVljPk2DbK5Pw\n3y6mRGEl/qD3laU0cpsPlxB3jHikbz4p6aevB9n47Dn+b0UvOPhWcAvsd06R6V8y\nTY2F33RcvY0649DGtCYWxey47Xd4aJjDhqN0DwUo9W638RH9ouIyblQ84WOA2MnS\nnxEpKp1MhbrFAAABAQDTqbMdA0Y5d8ODcO3qdkohY9V55EJ/wRaSMZ7kZY55aCJJ\nfKxO5q7M8iDUmB7TQZ0a+MiD5o0IzYR2d4LrhmwpBdnlExWQvqPgYhKct3HmOGnn\nxM0gI1qHNyjSCzjCE1+XPJMOCH+z00ldvB0pk+kgemiO+052lxqOy40lniufF+eX\n7iPxeMOmf3F31ygXrSfpJOfhTdLZLq0976/8um6dyDV/jEmyk9/VyJZFgFGPfo6L\negzJjf2g8dfmgnxaQ6Y94JoUeVmrts32aB+7RweRvfDN/KJzx810/967dT+Nb5Ko\nlp1JB1fuwWmBgBYxNSVIp9oYOjYIjTGGQMbDrjdkAAABAQDqYqQ9m+GEFX6VROxm\nYWyKh25pe4w8NnKlMpp2IZKlkKbDJdhVRbnrOyH7JdY3RwWtKIlvk3Ar3Y7u6uRj\nxGM5NOUR3MU6QxlPnMrigcRQZg4F5nqHMCffd+IMsHh4p6sYxBIhE+meN/q1SaLK\njhle+UF8c02McwZIkPTtms6jDFd1sIkJJTgxP1YFl2sUmrwEn5knw7vNm/YFlYuR\nzN0Zfp3WrUtD/PqGwqR8yiJqZ5btaJpRfvgAckoCgibUMkAsimFKBzgMPsMbIEZo\nYgnA6yEDUz3/1hbJnoLR3q0HhLvEKSp4hjMkxavGhsgqkDX6oS2jrg37BxdHUQi9\np/frAAABAQDkqOKuJbWmLd9w5vTKklJx5MTpsOhkdJp6j4EOlzfXPE7D3K5A8igt\nblSe/vG/cm36Y2eaqtwmDrL7WzwIZoC4gINKUGdRmAr4cOcC5uZW/4zDHoIeJvha\n/rvYw4y4/0MgVknQLcYhS4uWLNf4aX1I6/8ltXgkqtrySYq4H7C1P49F6GLaCAi5\nJeHnrjIIHsNYz+vh5AuLhAJWFl1aMrUs1pSFncrOSTGgtpIB4ZsgkP0oHTkgZBg1\nylTSFEcEQPFAcy7Sv7mxUYrvuXESJzXN7q1HwGXJENZdOFGij29rsPHNKylDc0YD\nl27JWBT+8YpOPnRiif2ArVCOFBefUosbAAAAAAEC\n-----END OPENSSH PRIVATE KEY-----\n",
            "private_key_pem": "-----BEGIN RSA PRIVATE KEY-----\nMIIJKAIBAAKCAgEA0Vp6jS3TvL/aO6/T/DEQ2f51++lBCX7ywxKQj1pSbD595aa6\nvRScWGfNgxX3n2gxncagQfewupAX9/xx0GYpIHQkNQXjM5N0UTZpLBF1aWKUTl7m\nyTruFRK4tapio75Rq1K3NHsg5D+Z3sr3r9EMyNgFvGrKjt/1gaOgRATwDMDi5im2\n3VCnzeZfTevjKCz+mat2OuE2IJZ2r67m3wjUMJDwxtRDMLW4zC+HKCgxZ/OeqR4D\nW/VNO/vVlA631veX0IDD5bfby+af1i2zkApZWGMgNUcR4rjv/pQhmsZuCBuiU8UP\nO8Q9WiMP3e+1mpzYBSrVkgU42qhKikHYxeELJWTHCy8a/b2RctCofyJwWSt1WGRJ\n/e0sSx8FzuR+Hd97KA5rNnaeI/9lyKXm5KSVk5nEAdAATW51CsF5api+jneQTDuh\niq159bpr0KJRFstCq2doPfAxdpVPDxQhvIleMJaQKOBpdqCsZw7I2SxG59RNIlD+\ncKqzcHBPUxNPQg6C6SppJ7x/+nKKDSRl1S7zzqnIgGPTQUFVli0qwPBEqG8k71Wc\nPl23Zl71S/84UY9fQwQXNDkYjacFBZxXTIWMMBGpZ0b8uwwTSKQpmJJvos56X33d\nKm07q1f5AHDP/pEstUfa+67snsMn6AhHOm0HtuzJRd4HEsSdrez/y5KZvskCAwEA\nAQKCAgBLCLO93/vwvY55MAa5b9iLWUFuPWa7AY3+zquTRZsfArLa2Yw6cqWqpeGp\npvjuYEjQNL2Bh0YHR9ffYNJmEAeTgyzq+CY7eREKfobpbYR4dgWTpT3wR7fHQ8OC\nEQRzjaX10pqpK6xZQlZi3LozgKilX4+GvXvGA40Znsy1NFPZLlTki3ToE51hFb14\nzx/GaYIDD8o7RjbBLUxyoSxMKfzrPzec+7ztO2R1gl9dzDIRAOcP1Br+HYhGBHfD\nLhdD68+0wkH0FpanmQwWlqCx8pOdM0H69nL5oLEbvHni4FXVgBoJDirsj+QxZzmr\noNulA6wFBhov0MFU1VaKARmxqnv0kBj6Sa1EL22f1AcgEMpI9KzBZUYBzLLRxqi8\nJIoz3b1zjMa/qpzb59f9TAuRfdrUdFsV39stzM1VtpPCdQGj73/JhnBNwJ0MkoIb\nYDepcp0r9Ki8YRiqNLs4rbNDcCPVnGu5PMoz5MVi8X6XKgVsoY7F+4THV9b70fwC\nP1c/BlHnBFKL8NNOffY9mRlqH1ZYz5Ng2yuT8N8upkRhJf6g95WlNHKbD5cQd4x4\npG8+KemnrwfZ+Ow5/m9FLzj4VnAL7HdOkelfMk2Nhd90XL2NOuPQxrQmFsXsuO13\neGiYw4ajdA8FKPVut/ER/aLiMm5UPOFjgNjJ0p8RKSqdTIW6xQKCAQEA6mKkPZvh\nhBV+lUTsZmFsioduaXuMPDZypTKadiGSpZCmwyXYVUW56zsh+yXWN0cFrSiJb5Nw\nK92O7urkY8RjOTTlEdzFOkMZT5zK4oHEUGYOBeZ6hzAn33fiDLB4eKerGMQSIRPp\nnjf6tUmiyo4ZXvlBfHNNjHMGSJD07ZrOowxXdbCJCSU4MT9WBZdrFJq8BJ+ZJ8O7\nzZv2BZWLkczdGX6d1q1LQ/z6hsKkfMoiameW7WiaUX74AHJKAoIm1DJALIphSgc4\nDD7DGyBGaGIJwOshA1M9/9YWyZ6C0d6tB4S7xCkqeIYzJMWrxobIKpA1+qEto64N\n+wcXR1EIvaf36wKCAQEA5KjiriW1pi3fcOb0ypJSceTE6bDoZHSaeo+BDpc31zxO\nw9yuQPIoLW5Unv7xv3Jt+mNnmqrcJg6y+1s8CGaAuICDSlBnUZgK+HDnAubmVv+M\nwx6CHib4Wv672MOMuP9DIFZJ0C3GIUuLlizX+Gl9SOv/JbV4JKra8kmKuB+wtT+P\nRehi2ggIuSXh564yCB7DWM/r4eQLi4QCVhZdWjK1LNaUhZ3KzkkxoLaSAeGbIJD9\nKB05IGQYNcpU0hRHBEDxQHMu0r+5sVGK77lxEic1ze6tR8BlyRDWXThRoo9va7Dx\nzSspQ3NGA5duyVgU/vGKTj50Yon9gK1QjhQXn1KLGwKCAQBCZittIKnkh0pS8zGd\nV2AuZmuLCmsR68LSteE4Mg6fRLlZc3EzxwsCbsATrAZhpocfJOq6ZyRR6PRDDtwg\nv1P0st1qEAb3mGalPR/kxypcNG0oksCHZ8cD8axiN+QJGkbIP1N7d26pWeZ2USQD\nCfp6A1bf8LI5ZaSUDiy02zRK0IY+WwKXSqn+mZi/AMRfE+7LyILU1whvGQ27S0A8\nz7KbNFl2paU634IBh0ad642QY0RIgWemSrfrOHVq/IAPgSTY+WLSW/Uu0uDm4F/R\n1mQ4+ONjU8OupHHUMEmTNugBx0KCMb9MYYg/lJgzJ5+xHyWLmPma8wYW5U1c8MHv\nKJR9AoIBAHp0O1kZ1srU/DlBZkzpyX83DYE8/Wd2zpfeLDY9I2l/4Yqgry0Wwg96\na5TuYVaumFkkTQKWh+lVq+JSfLbe9gZYxHbS0lHvA8kC5aQ3NZnXp3GC8Bnnss9A\nZibyqnUUNsWlkEgNi3KfO3TENTDShYa849o08c9pNHHWkpSCXCbkj/zXM8Eh1lIZ\nCH8DWcXhe6ofR2qkrs4bdwjVV08Lot0NWWKpG0gYCJzRySV6xZHOM9T8uXAwSorb\n/Uq4E0Qi51Alnyi8Bl0Al1BEVlprZzQOovuu/JOOEc7Ab2+IMxpQG15Nw/5cSF16\nBpmLM0tI3VGDvt5amckEiARenDv1f4sCggEBANOpsx0DRjl3w4Nw7ep2SiFj1Xnk\nQn/BFpIxnuRljnloIkl8rE7mrszyINSYHtNBnRr4yIPmjQjNhHZ3guuGbCkF2eUT\nFZC+o+BiEpy3ceY4aefEzSAjWoc3KNILOMITX5c8kw4If7PTSV28HSmT6SB6aI77\nTnaXGo7LjSWeK58X55fuI/F4w6Z/cXfXKBetJ+kk5+FN0tkurT3vr/y6bp3INX+M\nSbKT39XIlkWAUY9+jot6DMmN/aDx1+aCfFpDpj3gmhR5Wau2zfZoH7tHB5G98M38\nonPHzXT/3rt1P41vkqiWnUkHV+7BaYGAFjE1JUin2hg6NgiNMYZAxsOuN2Q=\n-----END RSA PRIVATE KEY-----\n",
            "private_key_pem_pkcs8": "-----BEGIN PRIVATE KEY-----\nMIIJQgIBADANBgkqhkiG9w0BAQEFAASCCSwwggkoAgEAAoICAQDRWnqNLdO8v9o7\nr9P8MRDZ/nX76UEJfvLDEpCPWlJsPn3lprq9FJxYZ82DFfefaDGdxqBB97C6kBf3\n/HHQZikgdCQ1BeMzk3RRNmksEXVpYpROXubJOu4VEri1qmKjvlGrUrc0eyDkP5ne\nyvev0QzI2AW8asqO3/WBo6BEBPAMwOLmKbbdUKfN5l9N6+MoLP6Zq3Y64TYglnav\nrubfCNQwkPDG1EMwtbjML4coKDFn856pHgNb9U07+9WUDrfW95fQgMPlt9vL5p/W\nLbOQCllYYyA1RxHiuO/+lCGaxm4IG6JTxQ87xD1aIw/d77WanNgFKtWSBTjaqEqK\nQdjF4QslZMcLLxr9vZFy0Kh/InBZK3VYZEn97SxLHwXO5H4d33soDms2dp4j/2XI\npebkpJWTmcQB0ABNbnUKwXlqmL6Od5BMO6GKrXn1umvQolEWy0KrZ2g98DF2lU8P\nFCG8iV4wlpAo4Gl2oKxnDsjZLEbn1E0iUP5wqrNwcE9TE09CDoLpKmknvH/6cooN\nJGXVLvPOqciAY9NBQVWWLSrA8ESobyTvVZw+XbdmXvVL/zhRj19DBBc0ORiNpwUF\nnFdMhYwwEalnRvy7DBNIpCmYkm+iznpffd0qbTurV/kAcM/+kSy1R9r7ruyewyfo\nCEc6bQe27MlF3gcSxJ2t7P/Lkpm+yQIDAQABAoICAEsIs73f+/C9jnkwBrlv2ItZ\nQW49ZrsBjf7Oq5NFmx8CstrZjDpypaql4amm+O5gSNA0vYGHRgdH199g0mYQB5OD\nLOr4Jjt5EQp+hulthHh2BZOlPfBHt8dDw4IRBHONpfXSmqkrrFlCVmLcujOAqKVf\nj4a9e8YDjRmezLU0U9kuVOSLdOgTnWEVvXjPH8ZpggMPyjtGNsEtTHKhLEwp/Os/\nN5z7vO07ZHWCX13MMhEA5w/UGv4diEYEd8MuF0Prz7TCQfQWlqeZDBaWoLHyk50z\nQfr2cvmgsRu8eeLgVdWAGgkOKuyP5DFnOaug26UDrAUGGi/QwVTVVooBGbGqe/SQ\nGPpJrUQvbZ/UByAQykj0rMFlRgHMstHGqLwkijPdvXOMxr+qnNvn1/1MC5F92tR0\nWxXf2y3MzVW2k8J1AaPvf8mGcE3AnQySghtgN6lynSv0qLxhGKo0uzits0NwI9Wc\na7k8yjPkxWLxfpcqBWyhjsX7hMdX1vvR/AI/Vz8GUecEUovw00599j2ZGWofVljP\nk2DbK5Pw3y6mRGEl/qD3laU0cpsPlxB3jHikbz4p6aevB9n47Dn+b0UvOPhWcAvs\nd06R6V8yTY2F33RcvY0649DGtCYWxey47Xd4aJjDhqN0DwUo9W638RH9ouIyblQ8\n4WOA2MnSnxEpKp1MhbrFAoIBAQDqYqQ9m+GEFX6VROxmYWyKh25pe4w8NnKlMpp2\nIZKlkKbDJdhVRbnrOyH7JdY3RwWtKIlvk3Ar3Y7u6uRjxGM5NOUR3MU6QxlPnMri\ngcRQZg4F5nqHMCffd+IMsHh4p6sYxBIhE+meN/q1SaLKjhle+UF8c02McwZIkPTt\nms6jDFd1sIkJJTgxP1YFl2sUmrwEn5knw7vNm/YFlYuRzN0Zfp3WrUtD/PqGwqR8\nyiJqZ5btaJpRfvgAckoCgibUMkAsimFKBzgMPsMbIEZoYgnA6yEDUz3/1hbJnoLR\n3q0HhLvEKSp4hjMkxavGhsgqkDX6oS2jrg37BxdHUQi9p/frAoIBAQDkqOKuJbWm\nLd9w5vTKklJx5MTpsOhkdJp6j4EOlzfXPE7D3K5A8igtblSe/vG/cm36Y2eaqtwm\nDrL7WzwIZoC4gINKUGdRmAr4cOcC5uZW/4zDHoIeJvha/rvYw4y4/0MgVknQLcYh\nS4uWLNf4aX1I6/8ltXgkqtrySYq4H7C1P49F6GLaCAi5JeHnrjIIHsNYz+vh5AuL\nhAJWFl1aMrUs1pSFncrOSTGgtpIB4ZsgkP0oHTkgZBg1ylTSFEcEQPFAcy7Sv7mx\nUYrvuXESJzXN7q1HwGXJENZdOFGij29rsPHNKylDc0YDl27JWBT+8YpOPnRiif2A\nrVCOFBefUosbAoIBAEJmK20gqeSHSlLzMZ1XYC5ma4sKaxHrwtK14TgyDp9EuVlz\ncTPHCwJuwBOsBmGmhx8k6rpnJFHo9EMO3CC/U/Sy3WoQBveYZqU9H+THKlw0bSiS\nwIdnxwPxrGI35AkaRsg/U3t3bqlZ5nZRJAMJ+noDVt/wsjllpJQOLLTbNErQhj5b\nApdKqf6ZmL8AxF8T7svIgtTXCG8ZDbtLQDzPsps0WXalpTrfggGHRp3rjZBjREiB\nZ6ZKt+s4dWr8gA+BJNj5YtJb9S7S4ObgX9HWZDj442NTw66kcdQwSZM26AHHQoIx\nv0xhiD+UmDMnn7EfJYuY+ZrzBhblTVzwwe8olH0CggEAenQ7WRnWytT8OUFmTOnJ\nfzcNgTz9Z3bOl94sNj0jaX/hiqCvLRbCD3prlO5hVq6YWSRNApaH6VWr4lJ8tt72\nBljEdtLSUe8DyQLlpDc1mdencYLwGeeyz0BmJvKqdRQ2xaWQSA2Lcp87dMQ1MNKF\nhrzj2jTxz2k0cdaSlIJcJuSP/NczwSHWUhkIfwNZxeF7qh9HaqSuzht3CNVXTwui\n3Q1ZYqkbSBgInNHJJXrFkc4z1Py5cDBKitv9SrgTRCLnUCWfKLwGXQCXUERWWmtn\nNA6i+678k44RzsBvb4gzGlAbXk3D/lxIXXoGmYszS0jdUYO+3lqZyQSIBF6cO/V/\niwKCAQEA06mzHQNGOXfDg3Dt6nZKIWPVeeRCf8EWkjGe5GWOeWgiSXysTuauzPIg\n1Jge00GdGvjIg+aNCM2EdneC64ZsKQXZ5RMVkL6j4GISnLdx5jhp58TNICNahzco\n0gs4whNflzyTDgh/s9NJXbwdKZPpIHpojvtOdpcajsuNJZ4rnxfnl+4j8XjDpn9x\nd9coF60n6STn4U3S2S6tPe+v/Lpuncg1f4xJspPf1ciWRYBRj36Oi3oMyY39oPHX\n5oJ8WkOmPeCaFHlZq7bN9mgfu0cHkb3wzfyic8fNdP/eu3U/jW+SqJadSQdX7sFp\ngYAWMTUlSKfaGDo2CI0xhkDGw643ZA==\n-----END PRIVATE KEY-----\n",
            "public_key_fingerprint_md5": "8a:fa:c7:59:a5:18:0b:70:65:a2:78:e0:6a:d6:4b:be",
            "public_key_fingerprint_sha256": "SHA256:YiLa1HQNBrBsZTe0vnaQmPgCn5NXNICSys1W1ghOrfo",
            "public_key_openssh": "ssh-rsa AAAAB3NzaC1yc2EAAAADAQABAAACAQDRWnqNLdO8v9o7r9P8MRDZ/nX76UEJfvLDEpCPWlJsPn3lprq9FJxYZ82DFfefaDGdxqBB97C6kBf3/HHQZikgdCQ1BeMzk3RRNmksEXVpYpROXubJOu4VEri1qmKjvlGrUrc0eyDkP5neyvev0QzI2AW8asqO3/WBo6BEBPAMwOLmKbbdUKfN5l9N6+MoLP6Zq3Y64TYglnavrubfCNQwkPDG1EMwtbjML4coKDFn856pHgNb9U07+9WUDrfW95fQgMPlt9vL5p/WLbOQCllYYyA1RxHiuO/+lCGaxm4IG6JTxQ87xD1aIw/d77WanNgFKtWSBTjaqEqKQdjF4QslZMcLLxr9vZFy0Kh/InBZK3VYZEn97SxLHwXO5H4d33soDms2dp4j/2XIpebkpJWTmcQB0ABNbnUKwXlqmL6Od5BMO6GKrXn1umvQolEWy0KrZ2g98DF2lU8PFCG8iV4wlpAo4Gl2oKxnDsjZLEbn1E0iUP5wqrNwcE9TE09CDoLpKmknvH/6cooNJGXVLvPOqciAY9NBQVWWLSrA8ESobyTvVZw+XbdmXvVL/zhRj19DBBc0ORiNpwUFnFdMhYwwEalnRvy7DBNIpCmYkm+iznpffd0qbTurV/kAcM/+kSy1R9r7ruyewyfoCEc6bQe27MlF3gcSxJ2t7P/Lkpm+yQ==\n",
            "public_key_pem": "-----BEGIN PUBLIC KEY-----\nMIICIjANBgkqhkiG9w0BAQEFAAOCAg8AMIICCgKCAgEA0Vp6jS3TvL/aO6/T/DEQ\n2f51++lBCX7ywxKQj1pSbD595aa6vRScWGfNgxX3n2gxncagQfewupAX9/xx0GYp\nIHQkNQXjM5N0UTZpLBF1aWKUTl7myTruFRK4tapio75Rq1K3NHsg5D+Z3sr3r9EM\nyNgFvGrKjt/1gaOgRATwDMDi5im23VCnzeZfTevjKCz+mat2OuE2IJZ2r67m3wjU\nMJDwxtRDMLW4zC+HKCgxZ/OeqR4DW/VNO/vVlA631veX0IDD5bfby+af1i2zkApZ\nWGMgNUcR4rjv/pQhmsZuCBuiU8UPO8Q9WiMP3e+1mpzYBSrVkgU42qhKikHYxeEL\nJWTHCy8a/b2RctCofyJwWSt1WGRJ/e0sSx8FzuR+Hd97KA5rNnaeI/9lyKXm5KSV\nk5nEAdAATW51CsF5api+jneQTDuhiq159bpr0KJRFstCq2doPfAxdpVPDxQhvIle\nMJaQKOBpdqCsZw7I2SxG59RNIlD+cKqzcHBPUxNPQg6C6SppJ7x/+nKKDSRl1S7z\nzqnIgGPTQUFVli0qwPBEqG8k71WcPl23Zl71S/84UY9fQwQXNDkYjacFBZxXTIWM\nMBGpZ0b8uwwTSKQpmJJvos56X33dKm07q1f5AHDP/pEstUfa+67snsMn6AhHOm0H\ntuzJRd4HEsSdrez/y5KZvskCAwEAAQ==\n-----END PUBLIC KEY-----\n",
            "rsa_bits": 4096
          },
          "sensitive_attributes": [
            [
              {
                "type": "get_attr",
                "value": "private_key_openssh"
              }
            ],
            [
              {
                "type": "get_attr",
                "value": "private_key_pem"
              }
            ],
            [
              {
                "type": "get_attr",
                "value": "private_key_pem_pkcs8"
              }
            ]
          ],
          "dependencies": [
            "module.rdb.aws_db_instance.mydb",
            "module.security-group.aws_security_group.rds_sg",
            "module.vpc.aws_db_subnet_group.subnet_group",
            "module.vpc.aws_subnet.private",
            "module.vpc.aws_subnet.public",
            "module.vpc.aws_vpc.vpc"
          ]
        }
      ]
    },
    {
      "module": "module.rdb",
      "mode": "managed",
      "type": "aws_db_instance",
      "name": "mydb",
      "provider": "provider[\"registry.terraform.io/hashicorp/aws\"]",
      "instances": [
        {
          "schema_version": 2,
          "attributes": {
            "address": "terraform-20240619132447541500000002.cz8vhnitws92.us-east-1.rds.amazonaws.com",
            "allocated_storage": 10,
            "allow_major_version_upgrade": null,
            "apply_immediately": false,
            "arn": "arn:aws:rds:us-east-1:965244704449:db:terraform-20240619132447541500000002",
            "auto_minor_version_upgrade": true,
            "availability_zone": "us-east-1a",
            "backup_retention_period": 0,
            "backup_target": "region",
            "backup_window": "07:05-07:35",
            "blue_green_update": [],
            "ca_cert_identifier": "rds-ca-rsa2048-g1",
            "character_set_name": "",
            "copy_tags_to_snapshot": false,
            "custom_iam_instance_profile": "",
            "customer_owned_ip_enabled": false,
            "db_name": "webproject",
            "db_subnet_group_name": "webproject-subnet-group",
            "dedicated_log_volume": false,
            "delete_automated_backups": true,
            "deletion_protection": false,
            "domain": "",
            "domain_auth_secret_arn": "",
            "domain_dns_ips": null,
            "domain_fqdn": "",
            "domain_iam_role_name": "",
            "domain_ou": "",
            "enabled_cloudwatch_logs_exports": null,
            "endpoint": "terraform-20240619132447541500000002.cz8vhnitws92.us-east-1.rds.amazonaws.com:5432",
            "engine": "postgres",
            "engine_version": "13",
            "engine_version_actual": "13.15",
            "final_snapshot_identifier": null,
            "hosted_zone_id": "Z2R2ITUGPM61AM",
            "iam_database_authentication_enabled": false,
            "id": "db-B76PWZFC35ERXN45FWRVSTNXKA",
            "identifier": "terraform-20240619132447541500000002",
            "identifier_prefix": "terraform-",
            "instance_class": "db.t3.micro",
            "iops": 0,
            "kms_key_id": "",
            "latest_restorable_time": "",
            "license_model": "postgresql-license",
            "listener_endpoint": [],
            "maintenance_window": "wed:04:52-wed:05:22",
            "manage_master_user_password": null,
            "master_user_secret": [],
            "master_user_secret_kms_key_id": null,
            "max_allocated_storage": 0,
            "monitoring_interval": 0,
            "monitoring_role_arn": "",
            "multi_az": false,
            "nchar_character_set_name": "",
            "network_type": "IPV4",
            "option_group_name": "default:postgres-13",
            "parameter_group_name": "default.postgres13",
            "password": "dbuser123",
            "performance_insights_enabled": false,
            "performance_insights_kms_key_id": "",
            "performance_insights_retention_period": 0,
            "port": 5432,
            "publicly_accessible": false,
            "replica_mode": "",
            "replicas": [],
            "replicate_source_db": "",
            "resource_id": "db-B76PWZFC35ERXN45FWRVSTNXKA",
            "restore_to_point_in_time": [],
            "s3_import": [],
            "skip_final_snapshot": true,
            "snapshot_identifier": null,
            "status": "available",
            "storage_encrypted": false,
            "storage_throughput": 0,
            "storage_type": "gp2",
            "tags": null,
            "tags_all": {},
            "timeouts": null,
            "timezone": "",
            "username": "dbuser",
            "vpc_security_group_ids": [
              "sg-05ef94e6abf84f670"
            ]
          },
          "sensitive_attributes": [
            [
              {
                "type": "get_attr",
                "value": "password"
              }
            ]
          ],
          "private": "eyJlMmJmYjczMC1lY2FhLTExZTYtOGY4OC0zNDM2M2JjN2M0YzAiOnsiY3JlYXRlIjoyNDAwMDAwMDAwMDAwLCJkZWxldGUiOjM2MDAwMDAwMDAwMDAsInVwZGF0ZSI6NDgwMDAwMDAwMDAwMH0sInNjaGVtYV92ZXJzaW9uIjoiMiJ9",
          "dependencies": [
            "module.security-group.aws_security_group.rds_sg",
            "module.vpc.aws_db_subnet_group.subnet_group",
            "module.vpc.aws_subnet.private",
            "module.vpc.aws_subnet.public",
            "module.vpc.aws_vpc.vpc"
          ]
        }
      ]
    },
    {
      "module": "module.security-group",
      "mode": "managed",
      "type": "aws_security_group",
      "name": "rds_sg",
      "provider": "provider[\"registry.terraform.io/hashicorp/aws\"]",
      "instances": [
        {
          "schema_version": 1,
          "attributes": {
            "arn": "arn:aws:ec2:us-east-1:965244704449:security-group/sg-05ef94e6abf84f670",
            "description": "Allow inbound PostgreSQL traffic",
            "egress": [
              {
                "cidr_blocks": [
                  "0.0.0.0/0"
                ],
                "description": "",
                "from_port": 0,
                "ipv6_cidr_blocks": [],
                "prefix_list_ids": [],
                "protocol": "-1",
                "security_groups": [],
                "self": false,
                "to_port": 0
              }
            ],
            "id": "sg-05ef94e6abf84f670",
            "ingress": [
              {
                "cidr_blocks": [
                  "0.0.0.0/0"
                ],
                "description": "",
                "from_port": 5432,
                "ipv6_cidr_blocks": [],
                "prefix_list_ids": [],
                "protocol": "tcp",
                "security_groups": [],
                "self": false,
                "to_port": 5432
              }
            ],
            "name": "webproject-rds_sg",
            "name_prefix": "",
            "owner_id": "965244704449",
            "revoke_rules_on_delete": false,
            "tags": null,
            "tags_all": {},
            "timeouts": null,
            "vpc_id": "vpc-0b22b628c1cf64ade"
          },
          "sensitive_attributes": [],
          "private": "eyJlMmJmYjczMC1lY2FhLTExZTYtOGY4OC0zNDM2M2JjN2M0YzAiOnsiY3JlYXRlIjo2MDAwMDAwMDAwMDAsImRlbGV0ZSI6OTAwMDAwMDAwMDAwfSwic2NoZW1hX3ZlcnNpb24iOiIxIn0=",
          "dependencies": [
            "module.vpc.aws_vpc.vpc"
          ]
        }
      ]
    },
    {
      "module": "module.security-group",
      "mode": "managed",
      "type": "aws_security_group",
      "name": "sg",
      "provider": "provider[\"registry.terraform.io/hashicorp/aws\"]",
      "instances": [
        {
          "schema_version": 1,
          "attributes": {
            "arn": "arn:aws:ec2:us-east-1:965244704449:security-group/sg-0fd763f14ec57c602",
            "description": "Managed by Terraform",
            "egress": [
              {
                "cidr_blocks": [
                  "0.0.0.0/0"
                ],
                "description": "",
                "from_port": 0,
                "ipv6_cidr_blocks": [],
                "prefix_list_ids": [],
                "protocol": "-1",
                "security_groups": [],
                "self": false,
                "to_port": 0
              }
            ],
            "id": "sg-0fd763f14ec57c602",
            "ingress": [
              {
                "cidr_blocks": [
                  "0.0.0.0/0"
                ],
                "description": "",
                "from_port": 22,
                "ipv6_cidr_blocks": [],
                "prefix_list_ids": [],
                "protocol": "tcp",
                "security_groups": [],
                "self": false,
                "to_port": 22
              },
              {
                "cidr_blocks": [
                  "0.0.0.0/0"
                ],
                "description": "",
                "from_port": 80,
                "ipv6_cidr_blocks": [],
                "prefix_list_ids": [],
                "protocol": "tcp",
                "security_groups": [],
                "self": false,
                "to_port": 80
              }
            ],
            "name": "webproject-sg",
            "name_prefix": "",
            "owner_id": "965244704449",
            "revoke_rules_on_delete": false,
            "tags": null,
            "tags_all": {},
            "timeouts": null,
            "vpc_id": "vpc-0b22b628c1cf64ade"
          },
          "sensitive_attributes": [],
          "private": "eyJlMmJmYjczMC1lY2FhLTExZTYtOGY4OC0zNDM2M2JjN2M0YzAiOnsiY3JlYXRlIjo2MDAwMDAwMDAwMDAsImRlbGV0ZSI6OTAwMDAwMDAwMDAwfSwic2NoZW1hX3ZlcnNpb24iOiIxIn0=",
          "dependencies": [
            "module.vpc.aws_vpc.vpc"
          ]
        }
      ]
    },
    {
      "module": "module.vpc",
      "mode": "managed",
      "type": "aws_db_subnet_group",
      "name": "subnet_group",
      "provider": "provider[\"registry.terraform.io/hashicorp/aws\"]",
      "instances": [
        {
          "schema_version": 0,
          "attributes": {
            "arn": "arn:aws:rds:us-east-1:965244704449:subgrp:webproject-subnet-group",
            "description": "Managed by Terraform",
            "id": "webproject-subnet-group",
            "name": "webproject-subnet-group",
            "name_prefix": "",
            "subnet_ids": [
              "subnet-041556166ce3e7a26",
              "subnet-0ed38605abdf76460"
            ],
            "supported_network_types": [
              "IPV4"
            ],
            "tags": null,
            "tags_all": {},
            "vpc_id": "vpc-0b22b628c1cf64ade"
          },
          "sensitive_attributes": [],
          "private": "bnVsbA==",
          "dependencies": [
            "module.vpc.aws_subnet.private",
            "module.vpc.aws_subnet.public",
            "module.vpc.aws_vpc.vpc"
          ]
        }
      ]
    },
    {
      "module": "module.vpc",
      "mode": "managed",
      "type": "aws_internet_gateway",
      "name": "igw",
      "provider": "provider[\"registry.terraform.io/hashicorp/aws\"]",
      "instances": [
        {
          "schema_version": 0,
          "attributes": {
            "arn": "arn:aws:ec2:us-east-1:965244704449:internet-gateway/igw-0e5dbaf58a79e965f",
            "id": "igw-0e5dbaf58a79e965f",
            "owner_id": "965244704449",
            "tags": {
              "Name": "webproject-igw"
            },
            "tags_all": {
              "Name": "webproject-igw"
            },
            "timeouts": null,
            "vpc_id": "vpc-0b22b628c1cf64ade"
          },
          "sensitive_attributes": [],
          "private": "eyJlMmJmYjczMC1lY2FhLTExZTYtOGY4OC0zNDM2M2JjN2M0YzAiOnsiY3JlYXRlIjoxMjAwMDAwMDAwMDAwLCJkZWxldGUiOjEyMDAwMDAwMDAwMDAsInVwZGF0ZSI6MTIwMDAwMDAwMDAwMH19",
          "dependencies": [
            "module.vpc.aws_vpc.vpc"
          ]
        }
      ]
    },
    {
      "module": "module.vpc",
      "mode": "managed",
      "type": "aws_route",
      "name": "route_to_igw",
      "provider": "provider[\"registry.terraform.io/hashicorp/aws\"]",
      "instances": [
        {
          "schema_version": 0,
          "attributes": {
            "carrier_gateway_id": "",
            "core_network_arn": "",
            "destination_cidr_block": "0.0.0.0/0",
            "destination_ipv6_cidr_block": "",
            "destination_prefix_list_id": "",
            "egress_only_gateway_id": "",
            "gateway_id": "igw-0e5dbaf58a79e965f",
            "id": "r-rtb-0b9151fc6cdbfccce1080289494",
            "instance_id": "",
            "instance_owner_id": "",
            "local_gateway_id": "",
            "nat_gateway_id": "",
            "network_interface_id": "",
            "origin": "CreateRoute",
            "route_table_id": "rtb-0b9151fc6cdbfccce",
            "state": "active",
            "timeouts": null,
            "transit_gateway_id": "",
            "vpc_endpoint_id": "",
            "vpc_peering_connection_id": ""
          },
          "sensitive_attributes": [],
          "private": "eyJlMmJmYjczMC1lY2FhLTExZTYtOGY4OC0zNDM2M2JjN2M0YzAiOnsiY3JlYXRlIjozMDAwMDAwMDAwMDAsImRlbGV0ZSI6MzAwMDAwMDAwMDAwLCJ1cGRhdGUiOjEyMDAwMDAwMDAwMH19",
          "dependencies": [
            "module.vpc.aws_internet_gateway.igw",
            "module.vpc.aws_route_table.public",
            "module.vpc.aws_vpc.vpc"
          ]
        }
      ]
    },
    {
      "module": "module.vpc",
      "mode": "managed",
      "type": "aws_route_table",
      "name": "public",
      "provider": "provider[\"registry.terraform.io/hashicorp/aws\"]",
      "instances": [
        {
          "schema_version": 0,
          "attributes": {
            "arn": "arn:aws:ec2:us-east-1:965244704449:route-table/rtb-0b9151fc6cdbfccce",
            "id": "rtb-0b9151fc6cdbfccce",
            "owner_id": "965244704449",
            "propagating_vgws": [],
            "route": [],
            "tags": {
              "Name": "webproject-PublicRouteTable"
            },
            "tags_all": {
              "Name": "webproject-PublicRouteTable"
            },
            "timeouts": null,
            "vpc_id": "vpc-0b22b628c1cf64ade"
          },
          "sensitive_attributes": [],
          "private": "eyJlMmJmYjczMC1lY2FhLTExZTYtOGY4OC0zNDM2M2JjN2M0YzAiOnsiY3JlYXRlIjozMDAwMDAwMDAwMDAsImRlbGV0ZSI6MzAwMDAwMDAwMDAwLCJ1cGRhdGUiOjEyMDAwMDAwMDAwMH19",
          "dependencies": [
            "module.vpc.aws_vpc.vpc"
          ]
        }
      ]
    },
    {
      "module": "module.vpc",
      "mode": "managed",
      "type": "aws_route_table_association",
      "name": "public_assoc",
      "provider": "provider[\"registry.terraform.io/hashicorp/aws\"]",
      "instances": [
        {
          "schema_version": 0,
          "attributes": {
            "gateway_id": "",
            "id": "rtbassoc-014fc0e6aa4e180e4",
            "route_table_id": "rtb-0b9151fc6cdbfccce",
            "subnet_id": "subnet-041556166ce3e7a26",
            "timeouts": null
          },
          "sensitive_attributes": [],
          "private": "eyJlMmJmYjczMC1lY2FhLTExZTYtOGY4OC0zNDM2M2JjN2M0YzAiOnsiY3JlYXRlIjozMDAwMDAwMDAwMDAsImRlbGV0ZSI6MzAwMDAwMDAwMDAwLCJ1cGRhdGUiOjEyMDAwMDAwMDAwMH19",
          "dependencies": [
            "module.vpc.aws_route_table.public",
            "module.vpc.aws_subnet.public",
            "module.vpc.aws_vpc.vpc"
          ]
        }
      ]
    },
    {
      "module": "module.vpc",
      "mode": "managed",
      "type": "aws_subnet",
      "name": "private",
      "provider": "provider[\"registry.terraform.io/hashicorp/aws\"]",
      "instances": [
        {
          "schema_version": 1,
          "attributes": {
            "arn": "arn:aws:ec2:us-east-1:965244704449:subnet/subnet-0ed38605abdf76460",
            "assign_ipv6_address_on_creation": false,
            "availability_zone": "us-east-1b",
            "availability_zone_id": "use1-az6",
            "cidr_block": "10.0.2.0/24",
            "customer_owned_ipv4_pool": "",
            "enable_dns64": false,
            "enable_lni_at_device_index": 0,
            "enable_resource_name_dns_a_record_on_launch": false,
            "enable_resource_name_dns_aaaa_record_on_launch": false,
            "id": "subnet-0ed38605abdf76460",
            "ipv6_cidr_block": "",
            "ipv6_cidr_block_association_id": "",
            "ipv6_native": false,
            "map_customer_owned_ip_on_launch": false,
            "map_public_ip_on_launch": false,
            "outpost_arn": "",
            "owner_id": "965244704449",
            "private_dns_hostname_type_on_launch": "ip-name",
            "tags": {
              "Name": "webproject-private-subnet"
            },
            "tags_all": {
              "Name": "webproject-private-subnet"
            },
            "timeouts": null,
            "vpc_id": "vpc-0b22b628c1cf64ade"
          },
          "sensitive_attributes": [],
          "private": "eyJlMmJmYjczMC1lY2FhLTExZTYtOGY4OC0zNDM2M2JjN2M0YzAiOnsiY3JlYXRlIjo2MDAwMDAwMDAwMDAsImRlbGV0ZSI6MTIwMDAwMDAwMDAwMH0sInNjaGVtYV92ZXJzaW9uIjoiMSJ9",
          "dependencies": [
            "module.vpc.aws_vpc.vpc"
          ]
        }
      ]
    },
    {
      "module": "module.vpc",
      "mode": "managed",
      "type": "aws_subnet",
      "name": "public",
      "provider": "provider[\"registry.terraform.io/hashicorp/aws\"]",
      "instances": [
        {
          "schema_version": 1,
          "attributes": {
            "arn": "arn:aws:ec2:us-east-1:965244704449:subnet/subnet-041556166ce3e7a26",
            "assign_ipv6_address_on_creation": false,
            "availability_zone": "us-east-1a",
            "availability_zone_id": "use1-az4",
            "cidr_block": "10.0.1.0/24",
            "customer_owned_ipv4_pool": "",
            "enable_dns64": false,
            "enable_lni_at_device_index": 0,
            "enable_resource_name_dns_a_record_on_launch": false,
            "enable_resource_name_dns_aaaa_record_on_launch": false,
            "id": "subnet-041556166ce3e7a26",
            "ipv6_cidr_block": "",
            "ipv6_cidr_block_association_id": "",
            "ipv6_native": false,
            "map_customer_owned_ip_on_launch": false,
            "map_public_ip_on_launch": false,
            "outpost_arn": "",
            "owner_id": "965244704449",
            "private_dns_hostname_type_on_launch": "ip-name",
            "tags": {
              "Name": "webproject-public-subnet"
            },
            "tags_all": {
              "Name": "webproject-public-subnet"
            },
            "timeouts": null,
            "vpc_id": "vpc-0b22b628c1cf64ade"
          },
          "sensitive_attributes": [],
          "private": "eyJlMmJmYjczMC1lY2FhLTExZTYtOGY4OC0zNDM2M2JjN2M0YzAiOnsiY3JlYXRlIjo2MDAwMDAwMDAwMDAsImRlbGV0ZSI6MTIwMDAwMDAwMDAwMH0sInNjaGVtYV92ZXJzaW9uIjoiMSJ9",
          "dependencies": [
            "module.vpc.aws_vpc.vpc"
          ]
        }
      ]
    },
    {
      "module": "module.vpc",
      "mode": "managed",
      "type": "aws_vpc",
      "name": "vpc",
      "provider": "provider[\"registry.terraform.io/hashicorp/aws\"]",
      "instances": [
        {
          "schema_version": 1,
          "attributes": {
            "arn": "arn:aws:ec2:us-east-1:965244704449:vpc/vpc-0b22b628c1cf64ade",
            "assign_generated_ipv6_cidr_block": false,
            "cidr_block": "10.0.0.0/16",
            "default_network_acl_id": "acl-05a146c1c1221d8ac",
            "default_route_table_id": "rtb-002c5a6bc4d031e4e",
            "default_security_group_id": "sg-04685e21fd66b1785",
            "dhcp_options_id": "dopt-0b4c4759ca932a92b",
            "enable_dns_hostnames": false,
            "enable_dns_support": true,
            "enable_network_address_usage_metrics": false,
            "id": "vpc-0b22b628c1cf64ade",
            "instance_tenancy": "default",
            "ipv4_ipam_pool_id": null,
            "ipv4_netmask_length": null,
            "ipv6_association_id": "",
            "ipv6_cidr_block": "",
            "ipv6_cidr_block_network_border_group": "",
            "ipv6_ipam_pool_id": "",
            "ipv6_netmask_length": 0,
            "main_route_table_id": "rtb-002c5a6bc4d031e4e",
            "owner_id": "965244704449",
            "tags": {
              "Name": "webproject-vpc"
            },
            "tags_all": {
              "Name": "webproject-vpc"
            }
          },
          "sensitive_attributes": [],
          "private": "eyJzY2hlbWFfdmVyc2lvbiI6IjEifQ=="
        }
      ]
    }
  ],
  "check_results": null
}
